
Microsoft Visual Studio Solution File, Format Version 12.00
# Visual Studio Version 16
VisualStudioVersion = 16.0.809.8
MinimumVisualStudioVersion = 10.0.40219.1
Project("{FAE04EC0-301F-11D3-BF4B-00C04F79EFBC}") = "IIT.Clubs.API", "IIT.Clubs.API.csproj", "{563C1AAB-4C2D-4671-BA10-7D86A5D69BBD}"
EndProject
Global
	GlobalSection(SolutionConfigurationPlatforms) = preSolution
		Debug|Any CPU = Debug|Any CPU
		Release|Any CPU = Release|Any CPU
	EndGlobalSection
	GlobalSection(ProjectConfigurationPlatforms) = postSolution
		{563C1AAB-4C2D-4671-BA10-7D86A5D69BBD}.Debug|Any CPU.ActiveCfg = Debug|Any CPU
		{563C1AAB-4C2D-4671-BA10-7D86A5D69BBD}.Debug|Any CPU.Build.0 = Debug|Any CPU
		{563C1AAB-4C2D-4671-BA10-7D86A5D69BBD}.Release|Any CPU.ActiveCfg = Release|Any CPU
		{563C1AAB-4C2D-4671-BA10-7D86A5D69BBD}.Release|Any CPU.Build.0 = Release|Any CPU
	EndGlobalSection
	GlobalSection(SolutionProperties) = preSolution
		HideSolutionNode = FALSE
	EndGlobalSection
	GlobalSection(ExtensibilityGlobals) = postSolution
		SolutionGuid = {42FEE73B-BDBB-4EDB-B2D7-026134CBA6DB}
	EndGlobalSection
EndGlobal
